// !$*UTF8*$!
{
	archiveVersion = 1;
	classes = {
	};
	objectVersion = 54;
	objects = {

/* Begin PBXBuildFile section */
		2152FB042600AC8F00CF470E /* iOSApp.swift in Sources */ = {isa = PBXBuildFile; fileRef = 2152FB032600AC8F00CF470E /* iOSApp.swift */; };
		BA09EE9527CA8248006803E6 /* MainScreen.swift in Sources */ = {isa = PBXBuildFile; fileRef = BA09EE9427CA8248006803E6 /* MainScreen.swift */; };
		BA09EE9827CA879F006803E6 /* TimelineScreen.swift in Sources */ = {isa = PBXBuildFile; fileRef = BA09EE9727CA879F006803E6 /* TimelineScreen.swift */; };
		BA09EE9B27CA8814006803E6 /* InboxScreen.swift in Sources */ = {isa = PBXBuildFile; fileRef = BA09EE9A27CA8814006803E6 /* InboxScreen.swift */; };
		BA09EE9E27CA883A006803E6 /* SearchScreen.swift in Sources */ = {isa = PBXBuildFile; fileRef = BA09EE9D27CA883A006803E6 /* SearchScreen.swift */; };
		BA09EEA227CA899A006803E6 /* DataExtensions.swift in Sources */ = {isa = PBXBuildFile; fileRef = BA09EEA127CA899A006803E6 /* DataExtensions.swift */; };
		BA09EEA527CB2551006803E6 /* ItemLoadingStateView.swift in Sources */ = {isa = PBXBuildFile; fileRef = BA09EEA427CB2551006803E6 /* ItemLoadingStateView.swift */; };
		BA0D7A8C27CCBDD0000BC7F4 /* AvatarView.swift in Sources */ = {isa = PBXBuildFile; fileRef = BA0D7A8B27CCBDD0000BC7F4 /* AvatarView.swift */; };
		BA5CD73627C61B01003F211C /* ArrayClass.swift in Sources */ = {isa = PBXBuildFile; fileRef = BA5CD73527C61B01003F211C /* ArrayClass.swift */; };
		BA5CD73927C62432003F211C /* Pair.swift in Sources */ = {isa = PBXBuildFile; fileRef = BA5CD73827C62432003F211C /* Pair.swift */; };
		BA63B3C627CDF4C600A55C91 /* EmptyScreen.swift in Sources */ = {isa = PBXBuildFile; fileRef = BA63B3C527CDF4C600A55C91 /* EmptyScreen.swift */; };
		BA73672B27C775A1006D3A17 /* Localizable.strings in Resources */ = {isa = PBXBuildFile; fileRef = BA73672D27C775A1006D3A17 /* Localizable.strings */; };
		BA73673027C77D0F006D3A17 /* RepositoryScreen.swift in Sources */ = {isa = PBXBuildFile; fileRef = BA73672F27C77D0F006D3A17 /* RepositoryScreen.swift */; };
		BA9624E927CB775000EAEA58 /* Kingfisher in Frameworks */ = {isa = PBXBuildFile; productRef = BA9624E827CB775000EAEA58 /* Kingfisher */; };
		BA9624EB27CB829D00EAEA58 /* UIExtensions.swift in Sources */ = {isa = PBXBuildFile; fileRef = BA9624EA27CB829D00EAEA58 /* UIExtensions.swift */; };
		BA9B91EB2730494D0033F096 /* SwiftUIX in Frameworks */ = {isa = PBXBuildFile; productRef = BAAF30B6272D9E690049EBD2 /* SwiftUIX */; };
		BA9EF17327D3AEE5000161F0 /* GitHubStatusScreen.swift in Sources */ = {isa = PBXBuildFile; fileRef = BA9EF17227D3AEE5000161F0 /* GitHubStatusScreen.swift */; };
		BA9EF17527D3AF0B000161F0 /* GitHubStatusViewModel.swift in Sources */ = {isa = PBXBuildFile; fileRef = BA9EF17427D3AF0B000161F0 /* GitHubStatusViewModel.swift */; };
		BA9EF17827D3C8F5000161F0 /* SettingsScreen.swift in Sources */ = {isa = PBXBuildFile; fileRef = BA9EF17727D3C8F5000161F0 /* SettingsScreen.swift */; };
		BA9EF17C27D4794C000161F0 /* MainScreenViewModel.swift in Sources */ = {isa = PBXBuildFile; fileRef = BA9EF17B27D4794C000161F0 /* MainScreenViewModel.swift */; };
		BA9EF17E27D4A626000161F0 /* ProfileNavigationItem.swift in Sources */ = {isa = PBXBuildFile; fileRef = BA9EF17D27D4A626000161F0 /* ProfileNavigationItem.swift */; };
		BAAF30BC272DAEC00049EBD2 /* ProfileScreen.swift in Sources */ = {isa = PBXBuildFile; fileRef = BAAF30BB272DAEC00049EBD2 /* ProfileScreen.swift */; };
		BAAF30BE272DB0400049EBD2 /* ExploreScreen.swift in Sources */ = {isa = PBXBuildFile; fileRef = BAAF30BD272DB0400049EBD2 /* ExploreScreen.swift */; };
		BAE4C5E327C77F5E007F6030 /* ProfileViewModel.swift in Sources */ = {isa = PBXBuildFile; fileRef = BAE4C5E227C77F5E007F6030 /* ProfileViewModel.swift */; };
		BAE4C5E527C77FB5007F6030 /* RepositoryViewModel.swift in Sources */ = {isa = PBXBuildFile; fileRef = BAE4C5E427C77FB5007F6030 /* RepositoryViewModel.swift */; };
		BAE4C5E727C78513007F6030 /* Assets.xcassets in Resources */ = {isa = PBXBuildFile; fileRef = BAE4C5E627C78513007F6030 /* Assets.xcassets */; };
		BAF61B2627CC904000A03E37 /* Then in Frameworks */ = {isa = PBXBuildFile; productRef = BAF61B2527CC904000A03E37 /* Then */; };
		BAF61B2827CCA73A00A03E37 /* FoundationExtensions.swift in Sources */ = {isa = PBXBuildFile; fileRef = BAF61B2727CCA73A00A03E37 /* FoundationExtensions.swift */; };
/* End PBXBuildFile section */

/* Begin PBXFileReference section */
		2152FB032600AC8F00CF470E /* iOSApp.swift */ = {isa = PBXFileReference; lastKnownFileType = sourcecode.swift; path = iOSApp.swift; sourceTree = "<group>"; };
		7555FF8C242A565B00829871 /* Info.plist */ = {isa = PBXFileReference; lastKnownFileType = text.plist.xml; path = Info.plist; sourceTree = "<group>"; };
		BA09EE9427CA8248006803E6 /* MainScreen.swift */ = {isa = PBXFileReference; lastKnownFileType = sourcecode.swift; path = MainScreen.swift; sourceTree = "<group>"; };
		BA09EE9727CA879F006803E6 /* TimelineScreen.swift */ = {isa = PBXFileReference; lastKnownFileType = sourcecode.swift; path = TimelineScreen.swift; sourceTree = "<group>"; };
		BA09EE9A27CA8814006803E6 /* InboxScreen.swift */ = {isa = PBXFileReference; lastKnownFileType = sourcecode.swift; path = InboxScreen.swift; sourceTree = "<group>"; };
		BA09EE9D27CA883A006803E6 /* SearchScreen.swift */ = {isa = PBXFileReference; lastKnownFileType = sourcecode.swift; path = SearchScreen.swift; sourceTree = "<group>"; };
		BA09EEA127CA899A006803E6 /* DataExtensions.swift */ = {isa = PBXFileReference; lastKnownFileType = sourcecode.swift; path = DataExtensions.swift; sourceTree = "<group>"; };
		BA09EEA427CB2551006803E6 /* ItemLoadingStateView.swift */ = {isa = PBXFileReference; lastKnownFileType = sourcecode.swift; path = ItemLoadingStateView.swift; sourceTree = "<group>"; };
		BA0D7A8B27CCBDD0000BC7F4 /* AvatarView.swift */ = {isa = PBXFileReference; lastKnownFileType = sourcecode.swift; path = AvatarView.swift; sourceTree = "<group>"; };
		BA1E71C327304DFC00FA7A84 /* ios.app */ = {isa = PBXFileReference; explicitFileType = wrapper.application; includeInIndex = 0; path = ios.app; sourceTree = BUILT_PRODUCTS_DIR; };
		BA5CD73527C61B01003F211C /* ArrayClass.swift */ = {isa = PBXFileReference; lastKnownFileType = sourcecode.swift; path = ArrayClass.swift; sourceTree = "<group>"; };
		BA5CD73827C62432003F211C /* Pair.swift */ = {isa = PBXFileReference; lastKnownFileType = sourcecode.swift; path = Pair.swift; sourceTree = "<group>"; };
		BA63B3C527CDF4C600A55C91 /* EmptyScreen.swift */ = {isa = PBXFileReference; lastKnownFileType = sourcecode.swift; path = EmptyScreen.swift; sourceTree = "<group>"; };
		BA73672C27C775A1006D3A17 /* en */ = {isa = PBXFileReference; lastKnownFileType = text.plist.strings; name = en; path = en.lproj/Localizable.strings; sourceTree = "<group>"; };
		BA73672F27C77D0F006D3A17 /* RepositoryScreen.swift */ = {isa = PBXFileReference; lastKnownFileType = sourcecode.swift; path = RepositoryScreen.swift; sourceTree = "<group>"; };
		BA9624EA27CB829D00EAEA58 /* UIExtensions.swift */ = {isa = PBXFileReference; lastKnownFileType = sourcecode.swift; path = UIExtensions.swift; sourceTree = "<group>"; };
		BA9EF17227D3AEE5000161F0 /* GitHubStatusScreen.swift */ = {isa = PBXFileReference; lastKnownFileType = sourcecode.swift; path = GitHubStatusScreen.swift; sourceTree = "<group>"; };
		BA9EF17427D3AF0B000161F0 /* GitHubStatusViewModel.swift */ = {isa = PBXFileReference; lastKnownFileType = sourcecode.swift; path = GitHubStatusViewModel.swift; sourceTree = "<group>"; };
		BA9EF17727D3C8F5000161F0 /* SettingsScreen.swift */ = {isa = PBXFileReference; lastKnownFileType = sourcecode.swift; path = SettingsScreen.swift; sourceTree = "<group>"; };
		BA9EF17B27D4794C000161F0 /* MainScreenViewModel.swift */ = {isa = PBXFileReference; lastKnownFileType = sourcecode.swift; path = MainScreenViewModel.swift; sourceTree = "<group>"; };
		BA9EF17D27D4A626000161F0 /* ProfileNavigationItem.swift */ = {isa = PBXFileReference; lastKnownFileType = sourcecode.swift; path = ProfileNavigationItem.swift; sourceTree = "<group>"; };
		BAAF30BB272DAEC00049EBD2 /* ProfileScreen.swift */ = {isa = PBXFileReference; lastKnownFileType = sourcecode.swift; path = ProfileScreen.swift; sourceTree = "<group>"; };
		BAAF30BD272DB0400049EBD2 /* ExploreScreen.swift */ = {isa = PBXFileReference; lastKnownFileType = sourcecode.swift; path = ExploreScreen.swift; sourceTree = "<group>"; };
		BAE4C5E227C77F5E007F6030 /* ProfileViewModel.swift */ = {isa = PBXFileReference; lastKnownFileType = sourcecode.swift; path = ProfileViewModel.swift; sourceTree = "<group>"; };
		BAE4C5E427C77FB5007F6030 /* RepositoryViewModel.swift */ = {isa = PBXFileReference; lastKnownFileType = sourcecode.swift; path = RepositoryViewModel.swift; sourceTree = "<group>"; };
		BAE4C5E627C78513007F6030 /* Assets.xcassets */ = {isa = PBXFileReference; lastKnownFileType = folder.assetcatalog; path = Assets.xcassets; sourceTree = "<group>"; };
		BAF61B2727CCA73A00A03E37 /* FoundationExtensions.swift */ = {isa = PBXFileReference; lastKnownFileType = sourcecode.swift; path = FoundationExtensions.swift; sourceTree = "<group>"; };
/* End PBXFileReference section */

/* Begin PBXFrameworksBuildPhase section */
		8E65F34AC4E22B0AE8B1D7B8 /* Frameworks */ = {
			isa = PBXFrameworksBuildPhase;
			buildActionMask = 2147483647;
			files = (
				BA9624E927CB775000EAEA58 /* Kingfisher in Frameworks */,
				BAF61B2627CC904000A03E37 /* Then in Frameworks */,
				BA9B91EB2730494D0033F096 /* SwiftUIX in Frameworks */,
			);
			runOnlyForDeploymentPostprocessing = 0;
		};
/* End PBXFrameworksBuildPhase section */

/* Begin PBXGroup section */
		7555FF72242A565900829871 = {
			isa = PBXGroup;
			children = (
				7555FF7D242A565900829871 /* ios */,
				BA1E71C327304DFC00FA7A84 /* ios.app */,
				BAF61B2427CC904000A03E37 /* Frameworks */,
			);
			sourceTree = "<group>";
		};
		7555FF7D242A565900829871 /* ios */ = {
			isa = PBXGroup;
			children = (
				BA09EEA027CA8985006803E6 /* Extensions */,
				BAE4C5E627C78513007F6030 /* Assets.xcassets */,
				BA1D91F927C638F80095C0B5 /* UI */,
				BA5CD73727C62422003F211C /* Foundation */,
				7555FF8C242A565B00829871 /* Info.plist */,
				2152FB032600AC8F00CF470E /* iOSApp.swift */,
				BA73672D27C775A1006D3A17 /* Localizable.strings */,
			);
			path = ios;
			sourceTree = "<group>";
		};
		BA09EE9627CA8790006803E6 /* Timeline */ = {
			isa = PBXGroup;
			children = (
				BA09EE9727CA879F006803E6 /* TimelineScreen.swift */,
			);
			path = Timeline;
			sourceTree = "<group>";
		};
		BA09EE9927CA87EB006803E6 /* Inbox */ = {
			isa = PBXGroup;
			children = (
				BA09EE9A27CA8814006803E6 /* InboxScreen.swift */,
			);
			path = Inbox;
			sourceTree = "<group>";
		};
		BA09EE9C27CA882C006803E6 /* Search */ = {
			isa = PBXGroup;
			children = (
				BA09EE9D27CA883A006803E6 /* SearchScreen.swift */,
			);
			path = Search;
			sourceTree = "<group>";
		};
		BA09EE9F27CA88AD006803E6 /* Main */ = {
			isa = PBXGroup;
			children = (
				BA09EE9427CA8248006803E6 /* MainScreen.swift */,
				BA9EF17B27D4794C000161F0 /* MainScreenViewModel.swift */,
			);
			path = Main;
			sourceTree = "<group>";
		};
		BA09EEA027CA8985006803E6 /* Extensions */ = {
			isa = PBXGroup;
			children = (
				BA09EEA127CA899A006803E6 /* DataExtensions.swift */,
				BA9624EA27CB829D00EAEA58 /* UIExtensions.swift */,
				BAF61B2727CCA73A00A03E37 /* FoundationExtensions.swift */,
			);
			path = Extensions;
			sourceTree = "<group>";
		};
		BA09EEA327CB252B006803E6 /* Components */ = {
			isa = PBXGroup;
			children = (
				BA09EEA427CB2551006803E6 /* ItemLoadingStateView.swift */,
				BA0D7A8B27CCBDD0000BC7F4 /* AvatarView.swift */,
				BA63B3C527CDF4C600A55C91 /* EmptyScreen.swift */,
				BA9EF17D27D4A626000161F0 /* ProfileNavigationItem.swift */,
			);
			path = Components;
			sourceTree = "<group>";
		};
		BA1D91F927C638F80095C0B5 /* UI */ = {
			isa = PBXGroup;
			children = (
				BA9EF17627D3C8E3000161F0 /* Settings */,
				BA9EF17127D3AEC3000161F0 /* GitHubStatus */,
				BA09EEA327CB252B006803E6 /* Components */,
				BA09EE9F27CA88AD006803E6 /* Main */,
				BA09EE9C27CA882C006803E6 /* Search */,
				BA09EE9927CA87EB006803E6 /* Inbox */,
				BA09EE9627CA8790006803E6 /* Timeline */,
				BA73672E27C77CF6006D3A17 /* Repository */,
				BA1D91FB27C639910095C0B5 /* Profile */,
				BA1D91FA27C639780095C0B5 /* Explore */,
			);
			path = UI;
			sourceTree = "<group>";
		};
		BA1D91FA27C639780095C0B5 /* Explore */ = {
			isa = PBXGroup;
			children = (
				BAAF30BD272DB0400049EBD2 /* ExploreScreen.swift */,
			);
			path = Explore;
			sourceTree = "<group>";
		};
		BA1D91FB27C639910095C0B5 /* Profile */ = {
			isa = PBXGroup;
			children = (
				BAAF30BB272DAEC00049EBD2 /* ProfileScreen.swift */,
				BAE4C5E227C77F5E007F6030 /* ProfileViewModel.swift */,
			);
			path = Profile;
			sourceTree = "<group>";
		};
		BA5CD73727C62422003F211C /* Foundation */ = {
			isa = PBXGroup;
			children = (
				BA5CD73527C61B01003F211C /* ArrayClass.swift */,
				BA5CD73827C62432003F211C /* Pair.swift */,
			);
			path = Foundation;
			sourceTree = "<group>";
		};
		BA73672E27C77CF6006D3A17 /* Repository */ = {
			isa = PBXGroup;
			children = (
				BA73672F27C77D0F006D3A17 /* RepositoryScreen.swift */,
				BAE4C5E427C77FB5007F6030 /* RepositoryViewModel.swift */,
			);
			path = Repository;
			sourceTree = "<group>";
		};
		BA9EF17127D3AEC3000161F0 /* GitHubStatus */ = {
			isa = PBXGroup;
			children = (
				BA9EF17227D3AEE5000161F0 /* GitHubStatusScreen.swift */,
				BA9EF17427D3AF0B000161F0 /* GitHubStatusViewModel.swift */,
			);
			path = GitHubStatus;
			sourceTree = "<group>";
		};
		BA9EF17627D3C8E3000161F0 /* Settings */ = {
			isa = PBXGroup;
			children = (
				BA9EF17727D3C8F5000161F0 /* SettingsScreen.swift */,
			);
			path = Settings;
			sourceTree = "<group>";
		};
		BAF61B2427CC904000A03E37 /* Frameworks */ = {
			isa = PBXGroup;
			children = (
			);
			name = Frameworks;
			sourceTree = "<group>";
		};
/* End PBXGroup section */

/* Begin PBXNativeTarget section */
		7555FF7A242A565900829871 /* ios */ = {
			isa = PBXNativeTarget;
			buildConfigurationList = 7555FFA5242A565B00829871 /* Build configuration list for PBXNativeTarget "ios" */;
			buildPhases = (
				BA58F648271B25F800811ECD /* Run Script */,
				7555FF77242A565900829871 /* Sources */,
				7555FF79242A565900829871 /* Resources */,
				8E65F34AC4E22B0AE8B1D7B8 /* Frameworks */,
			);
			buildRules = (
			);
			dependencies = (
			);
			name = ios;
			packageProductDependencies = (
				BAAF30B6272D9E690049EBD2 /* SwiftUIX */,
				BA9624E827CB775000EAEA58 /* Kingfisher */,
				BAF61B2527CC904000A03E37 /* Then */,
			);
			productName = ios;
			productReference = BA1E71C327304DFC00FA7A84 /* ios.app */;
			productType = "com.apple.product-type.application";
		};
/* End PBXNativeTarget section */

/* Begin PBXProject section */
		7555FF73242A565900829871 /* Project object */ = {
			isa = PBXProject;
			attributes = {
				LastSwiftUpdateCheck = 1130;
				LastUpgradeCheck = 1130;
				ORGANIZATIONNAME = orgName;
				TargetAttributes = {
					7555FF7A242A565900829871 = {
						CreatedOnToolsVersion = 11.3.1;
					};
				};
			};
			buildConfigurationList = 7555FF76242A565900829871 /* Build configuration list for PBXProject "ios" */;
			compatibilityVersion = "Xcode 9.3";
			developmentRegion = en;
			hasScannedForEncodings = 0;
			knownRegions = (
				en,
				Base,
			);
			mainGroup = 7555FF72242A565900829871;
			packageReferences = (
				BAAF30B5272D9E690049EBD2 /* XCRemoteSwiftPackageReference "SwiftUIX" */,
				BA9624E727CB775000EAEA58 /* XCRemoteSwiftPackageReference "Kingfisher" */,
				BAAA01B527CC8F5E002231C8 /* XCRemoteSwiftPackageReference "Then" */,
			);
			productRefGroup = 7555FF72242A565900829871;
			projectDirPath = "";
			projectRoot = "";
			targets = (
				7555FF7A242A565900829871 /* ios */,
			);
		};
/* End PBXProject section */

/* Begin PBXResourcesBuildPhase section */
		7555FF79242A565900829871 /* Resources */ = {
			isa = PBXResourcesBuildPhase;
			buildActionMask = 2147483647;
			files = (
				BAE4C5E727C78513007F6030 /* Assets.xcassets in Resources */,
				BA73672B27C775A1006D3A17 /* Localizable.strings in Resources */,
			);
			runOnlyForDeploymentPostprocessing = 0;
		};
/* End PBXResourcesBuildPhase section */

/* Begin PBXShellScriptBuildPhase section */
		BA58F648271B25F800811ECD /* Run Script */ = {
			isa = PBXShellScriptBuildPhase;
			alwaysOutOfDate = 1;
			buildActionMask = 2147483647;
			files = (
			);
			inputFileListPaths = (
			);
			inputPaths = (
			);
			name = "Run Script";
			outputFileListPaths = (
			);
			outputPaths = (
			);
			runOnlyForDeploymentPostprocessing = 0;
			shellPath = /bin/sh;
			shellScript = "cd \"$SRCROOT/..\"\n./gradlew :common:embedAndSignAppleFrameworkForXcode\n";
			showEnvVarsInLog = 0;
		};
/* End PBXShellScriptBuildPhase section */

/* Begin PBXSourcesBuildPhase section */
		7555FF77242A565900829871 /* Sources */ = {
			isa = PBXSourcesBuildPhase;
			buildActionMask = 2147483647;
			files = (
				BAAF30BE272DB0400049EBD2 /* ExploreScreen.swift in Sources */,
				BA63B3C627CDF4C600A55C91 /* EmptyScreen.swift in Sources */,
				BA09EEA227CA899A006803E6 /* DataExtensions.swift in Sources */,
				BA73673027C77D0F006D3A17 /* RepositoryScreen.swift in Sources */,
				BA9624EB27CB829D00EAEA58 /* UIExtensions.swift in Sources */,
				BAE4C5E527C77FB5007F6030 /* RepositoryViewModel.swift in Sources */,
				BA09EE9E27CA883A006803E6 /* SearchScreen.swift in Sources */,
				BA9EF17C27D4794C000161F0 /* MainScreenViewModel.swift in Sources */,
				BA09EE9527CA8248006803E6 /* MainScreen.swift in Sources */,
				BA09EEA527CB2551006803E6 /* ItemLoadingStateView.swift in Sources */,
				BAE4C5E327C77F5E007F6030 /* ProfileViewModel.swift in Sources */,
				BA9EF17327D3AEE5000161F0 /* GitHubStatusScreen.swift in Sources */,
				2152FB042600AC8F00CF470E /* iOSApp.swift in Sources */,
				BA5CD73627C61B01003F211C /* ArrayClass.swift in Sources */,
				BA9EF17E27D4A626000161F0 /* ProfileNavigationItem.swift in Sources */,
				BA09EE9B27CA8814006803E6 /* InboxScreen.swift in Sources */,
				BA9EF17827D3C8F5000161F0 /* SettingsScreen.swift in Sources */,
				BA5CD73927C62432003F211C /* Pair.swift in Sources */,
				BAF61B2827CCA73A00A03E37 /* FoundationExtensions.swift in Sources */,
				BA9EF17527D3AF0B000161F0 /* GitHubStatusViewModel.swift in Sources */,
				BA09EE9827CA879F006803E6 /* TimelineScreen.swift in Sources */,
				BA0D7A8C27CCBDD0000BC7F4 /* AvatarView.swift in Sources */,
				BAAF30BC272DAEC00049EBD2 /* ProfileScreen.swift in Sources */,
			);
			runOnlyForDeploymentPostprocessing = 0;
		};
/* End PBXSourcesBuildPhase section */

/* Begin PBXVariantGroup section */
		BA73672D27C775A1006D3A17 /* Localizable.strings */ = {
			isa = PBXVariantGroup;
			children = (
				BA73672C27C775A1006D3A17 /* en */,
			);
			name = Localizable.strings;
			sourceTree = "<group>";
		};
/* End PBXVariantGroup section */

/* Begin XCBuildConfiguration section */
		7555FFA3242A565B00829871 /* Debug */ = {
			isa = XCBuildConfiguration;
			buildSettings = {
				ALWAYS_SEARCH_USER_PATHS = NO;
				CLANG_ANALYZER_NONNULL = YES;
				CLANG_ANALYZER_NUMBER_OBJECT_CONVERSION = YES_AGGRESSIVE;
				CLANG_CXX_LANGUAGE_STANDARD = "gnu++14";
				CLANG_CXX_LIBRARY = "libc++";
				CLANG_ENABLE_MODULES = YES;
				CLANG_ENABLE_OBJC_ARC = YES;
				CLANG_ENABLE_OBJC_WEAK = YES;
				CLANG_WARN_BLOCK_CAPTURE_AUTORELEASING = YES;
				CLANG_WARN_BOOL_CONVERSION = YES;
				CLANG_WARN_COMMA = YES;
				CLANG_WARN_CONSTANT_CONVERSION = YES;
				CLANG_WARN_DEPRECATED_OBJC_IMPLEMENTATIONS = YES;
				CLANG_WARN_DIRECT_OBJC_ISA_USAGE = YES_ERROR;
				CLANG_WARN_DOCUMENTATION_COMMENTS = YES;
				CLANG_WARN_EMPTY_BODY = YES;
				CLANG_WARN_ENUM_CONVERSION = YES;
				CLANG_WARN_INFINITE_RECURSION = YES;
				CLANG_WARN_INT_CONVERSION = YES;
				CLANG_WARN_NON_LITERAL_NULL_CONVERSION = YES;
				CLANG_WARN_OBJC_IMPLICIT_RETAIN_SELF = YES;
				CLANG_WARN_OBJC_LITERAL_CONVERSION = YES;
				CLANG_WARN_OBJC_ROOT_CLASS = YES_ERROR;
				CLANG_WARN_QUOTED_INCLUDE_IN_FRAMEWORK_HEADER = YES;
				CLANG_WARN_RANGE_LOOP_ANALYSIS = YES;
				CLANG_WARN_STRICT_PROTOTYPES = YES;
				CLANG_WARN_SUSPICIOUS_MOVE = YES;
				CLANG_WARN_UNGUARDED_AVAILABILITY = YES_AGGRESSIVE;
				CLANG_WARN_UNREACHABLE_CODE = YES;
				CLANG_WARN__DUPLICATE_METHOD_MATCH = YES;
				COPY_PHASE_STRIP = NO;
				DEBUG_INFORMATION_FORMAT = "dwarf-with-dsym";
				ENABLE_STRICT_OBJC_MSGSEND = YES;
				ENABLE_TESTABILITY = YES;
				GCC_C_LANGUAGE_STANDARD = gnu11;
				GCC_DYNAMIC_NO_PIC = NO;
				GCC_NO_COMMON_BLOCKS = YES;
				GCC_OPTIMIZATION_LEVEL = 0;
				GCC_PREPROCESSOR_DEFINITIONS = (
					"DEBUG=1",
					"$(inherited)",
				);
				GCC_WARN_64_TO_32_BIT_CONVERSION = YES;
				GCC_WARN_ABOUT_RETURN_TYPE = YES_ERROR;
				GCC_WARN_UNDECLARED_SELECTOR = YES;
				GCC_WARN_UNINITIALIZED_AUTOS = YES_AGGRESSIVE;
				GCC_WARN_UNUSED_FUNCTION = YES;
				GCC_WARN_UNUSED_VARIABLE = YES;
				IPHONEOS_DEPLOYMENT_TARGET = 15.0;
				MTL_ENABLE_DEBUG_INFO = INCLUDE_SOURCE;
				MTL_FAST_MATH = YES;
				ONLY_ACTIVE_ARCH = YES;
				SDKROOT = iphoneos;
				SWIFT_ACTIVE_COMPILATION_CONDITIONS = DEBUG;
				SWIFT_OPTIMIZATION_LEVEL = "-Onone";
			};
			name = Debug;
		};
		7555FFA4242A565B00829871 /* Release */ = {
			isa = XCBuildConfiguration;
			buildSettings = {
				ALWAYS_SEARCH_USER_PATHS = NO;
				CLANG_ANALYZER_NONNULL = YES;
				CLANG_ANALYZER_NUMBER_OBJECT_CONVERSION = YES_AGGRESSIVE;
				CLANG_CXX_LANGUAGE_STANDARD = "gnu++14";
				CLANG_CXX_LIBRARY = "libc++";
				CLANG_ENABLE_MODULES = YES;
				CLANG_ENABLE_OBJC_ARC = YES;
				CLANG_ENABLE_OBJC_WEAK = YES;
				CLANG_WARN_BLOCK_CAPTURE_AUTORELEASING = YES;
				CLANG_WARN_BOOL_CONVERSION = YES;
				CLANG_WARN_COMMA = YES;
				CLANG_WARN_CONSTANT_CONVERSION = YES;
				CLANG_WARN_DEPRECATED_OBJC_IMPLEMENTATIONS = YES;
				CLANG_WARN_DIRECT_OBJC_ISA_USAGE = YES_ERROR;
				CLANG_WARN_DOCUMENTATION_COMMENTS = YES;
				CLANG_WARN_EMPTY_BODY = YES;
				CLANG_WARN_ENUM_CONVERSION = YES;
				CLANG_WARN_INFINITE_RECURSION = YES;
				CLANG_WARN_INT_CONVERSION = YES;
				CLANG_WARN_NON_LITERAL_NULL_CONVERSION = YES;
				CLANG_WARN_OBJC_IMPLICIT_RETAIN_SELF = YES;
				CLANG_WARN_OBJC_LITERAL_CONVERSION = YES;
				CLANG_WARN_OBJC_ROOT_CLASS = YES_ERROR;
				CLANG_WARN_QUOTED_INCLUDE_IN_FRAMEWORK_HEADER = YES;
				CLANG_WARN_RANGE_LOOP_ANALYSIS = YES;
				CLANG_WARN_STRICT_PROTOTYPES = YES;
				CLANG_WARN_SUSPICIOUS_MOVE = YES;
				CLANG_WARN_UNGUARDED_AVAILABILITY = YES_AGGRESSIVE;
				CLANG_WARN_UNREACHABLE_CODE = YES;
				CLANG_WARN__DUPLICATE_METHOD_MATCH = YES;
				COPY_PHASE_STRIP = NO;
				DEBUG_INFORMATION_FORMAT = "dwarf-with-dsym";
				ENABLE_NS_ASSERTIONS = NO;
				ENABLE_STRICT_OBJC_MSGSEND = YES;
				GCC_C_LANGUAGE_STANDARD = gnu11;
				GCC_NO_COMMON_BLOCKS = YES;
				GCC_WARN_64_TO_32_BIT_CONVERSION = YES;
				GCC_WARN_ABOUT_RETURN_TYPE = YES_ERROR;
				GCC_WARN_UNDECLARED_SELECTOR = YES;
				GCC_WARN_UNINITIALIZED_AUTOS = YES_AGGRESSIVE;
				GCC_WARN_UNUSED_FUNCTION = YES;
				GCC_WARN_UNUSED_VARIABLE = YES;
				IPHONEOS_DEPLOYMENT_TARGET = 15.0;
				MTL_ENABLE_DEBUG_INFO = NO;
				MTL_FAST_MATH = YES;
				SDKROOT = iphoneos;
				SWIFT_COMPILATION_MODE = wholemodule;
				SWIFT_OPTIMIZATION_LEVEL = "-O";
				VALIDATE_PRODUCT = YES;
			};
			name = Release;
		};
		7555FFA6242A565B00829871 /* Debug */ = {
			isa = XCBuildConfiguration;
			buildSettings = {
				ASSETCATALOG_COMPILER_APPICON_NAME = AppIcon;
				ASSETCATALOG_COMPILER_INCLUDE_ALL_APPICON_ASSETS = YES;
				CODE_SIGN_ENTITLEMENTS = "";
				CODE_SIGN_STYLE = Automatic;
				DEVELOPMENT_TEAM = L69RZAXVCK;
				ENABLE_PREVIEWS = YES;
				FRAMEWORK_SEARCH_PATHS = "$(SRCROOT)/../common/build/xcode-frameworks/$(CONFIGURATION)/$(SDK_NAME)";
				INFOPLIST_FILE = ios/Info.plist;
				IPHONEOS_DEPLOYMENT_TARGET = 15.0;
				LD_RUNPATH_SEARCH_PATHS = (
					"$(inherited)",
					"@executable_path/Frameworks",
				);
				OTHER_LDFLAGS = (
					"$(inherited)",
					"-framework",
					common,
				);
				PRODUCT_BUNDLE_IDENTIFIER = io.tonnyl.moka.ios;
				PRODUCT_NAME = "$(TARGET_NAME)";
				SUPPORTS_MACCATALYST = NO;
				SWIFT_VERSION = 5.0;
				TARGETED_DEVICE_FAMILY = "1,2";
			};
			name = Debug;
		};
		7555FFA7242A565B00829871 /* Release */ = {
			isa = XCBuildConfiguration;
			buildSettings = {
				ASSETCATALOG_COMPILER_APPICON_NAME = AppIcon;
				ASSETCATALOG_COMPILER_INCLUDE_ALL_APPICON_ASSETS = YES;
				CODE_SIGN_ENTITLEMENTS = "";
				CODE_SIGN_STYLE = Automatic;
				DEVELOPMENT_TEAM = L69RZAXVCK;
				ENABLE_PREVIEWS = YES;
				FRAMEWORK_SEARCH_PATHS = "$(SRCROOT)/../common/build/xcode-frameworks/$(CONFIGURATION)/$(SDK_NAME)";
				INFOPLIST_FILE = ios/Info.plist;
				IPHONEOS_DEPLOYMENT_TARGET = 15.0;
				LD_RUNPATH_SEARCH_PATHS = (
					"$(inherited)",
					"@executable_path/Frameworks",
				);
				OTHER_LDFLAGS = (
					"$(inherited)",
					"-framework",
					common,
				);
				PRODUCT_BUNDLE_IDENTIFIER = io.tonnyl.moka.ios;
				PRODUCT_NAME = "$(TARGET_NAME)";
				SUPPORTS_MACCATALYST = NO;
				SWIFT_VERSION = 5.0;
				TARGETED_DEVICE_FAMILY = "1,2";
			};
			name = Release;
		};
/* End XCBuildConfiguration section */

/* Begin XCConfigurationList section */
		7555FF76242A565900829871 /* Build configuration list for PBXProject "ios" */ = {
			isa = XCConfigurationList;
			buildConfigurations = (
				7555FFA3242A565B00829871 /* Debug */,
				7555FFA4242A565B00829871 /* Release */,
			);
			defaultConfigurationIsVisible = 0;
			defaultConfigurationName = Release;
		};
		7555FFA5242A565B00829871 /* Build configuration list for PBXNativeTarget "ios" */ = {
			isa = XCConfigurationList;
			buildConfigurations = (
				7555FFA6242A565B00829871 /* Debug */,
				7555FFA7242A565B00829871 /* Release */,
			);
			defaultConfigurationIsVisible = 0;
			defaultConfigurationName = Release;
		};
/* End XCConfigurationList section */

/* Begin XCRemoteSwiftPackageReference section */
		BA9624E727CB775000EAEA58 /* XCRemoteSwiftPackageReference "Kingfisher" */ = {
			isa = XCRemoteSwiftPackageReference;
			repositoryURL = "https://github.com/onevcat/Kingfisher.git";
			requirement = {
				kind = upToNextMajorVersion;
				minimumVersion = 7.0.0;
			};
		};
		BAAA01B527CC8F5E002231C8 /* XCRemoteSwiftPackageReference "Then" */ = {
			isa = XCRemoteSwiftPackageReference;
			repositoryURL = "https://github.com/devxoul/Then";
			requirement = {
				kind = upToNextMajorVersion;
				minimumVersion = 2.0.0;
			};
		};
		BAAF30B5272D9E690049EBD2 /* XCRemoteSwiftPackageReference "SwiftUIX" */ = {
			isa = XCRemoteSwiftPackageReference;
			repositoryURL = "https://github.com/SwiftUIX/SwiftUIX";
			requirement = {
				kind = upToNextMajorVersion;
				minimumVersion = 0.1.0;
			};
		};
/* End XCRemoteSwiftPackageReference section */

/* Begin XCSwiftPackageProductDependency section */
		BA9624E827CB775000EAEA58 /* Kingfisher */ = {
			isa = XCSwiftPackageProductDependency;
			package = BA9624E727CB775000EAEA58 /* XCRemoteSwiftPackageReference "Kingfisher" */;
			productName = Kingfisher;
		};
		BAAF30B6272D9E690049EBD2 /* SwiftUIX */ = {
			isa = XCSwiftPackageProductDependency;
			package = BAAF30B5272D9E690049EBD2 /* XCRemoteSwiftPackageReference "SwiftUIX" */;
			productName = SwiftUIX;
		};
		BAF61B2527CC904000A03E37 /* Then */ = {
			isa = XCSwiftPackageProductDependency;
			package = BAAA01B527CC8F5E002231C8 /* XCRemoteSwiftPackageReference "Then" */;
			productName = Then;
		};
/* End XCSwiftPackageProductDependency section */
	};
	rootObject = 7555FF73242A565900829871 /* Project object */;
}
