{
  "object": {
    "pins": [
      {
        "package": "Kingfisher",
        "repositoryURL": "https://github.com/onevcat/Kingfisher.git",
        "state": {
          "branch": null,
          "revision": "32e4acdf6971f58f5ad552389cf2d7d016334eaf",
          "version": "7.2.0"
        }
      },
      {
        "package": "SwiftUIX",
        "repositoryURL": "https://github.com/SwiftUIX/SwiftUIX",
        "state": {
          "branch": null,
          "revision": "ac4959d321d2fbf6b66720426ef0716b6865ddd8",
          "version": "0.1.0"
        }
      },
      {
        "package": "Then",
        "repositoryURL": "https://github.com/devxoul/Then",
        "state": {
          "branch": null,
          "revision": "e421a7b3440a271834337694e6050133a3958bc7",
          "version": "2.7.0"
        }
      }
    ]
  },
  "version": 1
}
